
Microsoft Visual Studio Solution File, Format Version 12.00
# Visual Studio 14
VisualStudioVersion = 14.0.24720.0
MinimumVisualStudioVersion = 10.0.40219.1
Project("{FAE04EC0-301F-11D3-BF4B-00C04F79EFBC}") = "Dumbbell", "Dumbbell\Dumbbell.csproj", "{7361F28C-598D-405E-9943-F8B8E5CE3F41}"
EndProject
Project("{FAE04EC0-301F-11D3-BF4B-00C04F79EFBC}") = "Cube", "Cube\Cube.csproj", "{2E9DFE71-3D2D-40B6-96C3-90F549DFB960}"
EndProject
Project("{FAE04EC0-301F-11D3-BF4B-00C04F79EFBC}") = "Headphones", "Headphones\Headphones.csproj", "{32D3230A-AD2D-459A-B7FD-91A60D1EA9DC}"
EndProject
Project("{FAE04EC0-301F-11D3-BF4B-00C04F79EFBC}") = "MagicWand", "MagicWand\MagicWand.csproj", "{CD850B5C-DFC8-4E7D-98E5-8FF8B1E8DC5E}"
EndProject
Project("{FAE04EC0-301F-11D3-BF4B-00C04F79EFBC}") = "Sunlight", "Sunlight\Sunlight.csproj", "{0B549C32-C7C8-4DF8-A4A8-C0C43C2B39BD}"
EndProject
Project("{FAE04EC0-301F-11D3-BF4B-00C04F79EFBC}") = "RockLq", "RockLq\RockLq.csproj", "{9140DC32-1E97-4F3B-A222-CA6CC319D1D6}"
EndProject
Project("{FAE04EC0-301F-11D3-BF4B-00C04F79EFBC}") = "Star", "Star\Star.csproj", "{8A104E9A-B500-44E7-ADC2-A131734BB675}"
EndProject
Project("{FAE04EC0-301F-11D3-BF4B-00C04F79EFBC}") = "KingOfThieves", "KingOfThieves\KingOfThieves.csproj", "{53D4FD07-90FC-4BE0-8019-8423D20C5D43}"
EndProject
Project("{FAE04EC0-301F-11D3-BF4B-00C04F79EFBC}") = "Car", "Car\Car.csproj", "{6ED77472-DA72-4027-AB79-B8F7C49F85DE}"
EndProject
Project("{FAE04EC0-301F-11D3-BF4B-00C04F79EFBC}") = "PlaidTowel", "PlaidTowel\PlaidTowel.csproj", "{3F755EDB-F513-4866-A702-33A2ABADB2C2}"
EndProject
Project("{FAE04EC0-301F-11D3-BF4B-00C04F79EFBC}") = "SummertimeBeer", "SummertimeBeer\SummertimeBeer.csproj", "{F8C81269-5B86-408E-8043-71C14A0037F2}"
EndProject
Project("{FAE04EC0-301F-11D3-BF4B-00C04F79EFBC}") = "Boat", "Boat\Boat.csproj", "{2AB93280-4BC5-428A-88A7-BEC5355E1C37}"
EndProject
Project("{FAE04EC0-301F-11D3-BF4B-00C04F79EFBC}") = "House", "House\House.csproj", "{05CA62BC-5551-42E6-AF87-26B7956D855D}"
EndProject
Project("{FAE04EC0-301F-11D3-BF4B-00C04F79EFBC}") = "Sunglasses", "Sunglasses\Sunglasses.csproj", "{62A169BA-12B6-42DD-8360-41639562D17F}"
EndProject
Project("{FAE04EC0-301F-11D3-BF4B-00C04F79EFBC}") = "WineGlass", "WineGlass\WineGlass.csproj", "{AEB0E1D4-6A38-4E3C-A9A6-054336A82D76}"
EndProject
Project("{FAE04EC0-301F-11D3-BF4B-00C04F79EFBC}") = "Arrow", "Arrow\Arrow.csproj", "{F585A064-AA66-4DE4-9B03-0760004BE2F0}"
EndProject
Project("{FAE04EC0-301F-11D3-BF4B-00C04F79EFBC}") = "PandaScotlandFlag", "PandaScotlandFlag\PandaScotlandFlag.csproj", "{356F80B7-1BA8-49D7-A88B-A07225F1BE5F}"
EndProject
Project("{FAE04EC0-301F-11D3-BF4B-00C04F79EFBC}") = "ProgrammerDNA", "ProgrammerDNA\ProgrammerDNA.csproj", "{A57A6744-F304-4B4C-A910-6064BE0EE6E5}"
EndProject
Project("{FAE04EC0-301F-11D3-BF4B-00C04F79EFBC}") = "NewHouse", "NewHouse\NewHouse.csproj", "{BEBC6AB6-5B92-4F4C-A525-A67A8410ED48}"
EndProject
Project("{FAE04EC0-301F-11D3-BF4B-00C04F79EFBC}") = "StripedTowel", "StripedTowel\StripedTowel.csproj", "{E9AF7F10-909A-404E-8BFD-06946C6CDE56}"
EndProject
Project("{FAE04EC0-301F-11D3-BF4B-00C04F79EFBC}") = "Eggcelent", "Eggcelent\Eggcelent.csproj", "{10637FAC-5DE7-47CD-9106-7849477DA939}"
EndProject
Project("{FAE04EC0-301F-11D3-BF4B-00C04F79EFBC}") = "Cube3D", "Cube3D\Cube3D.csproj", "{FF90AC2C-3A51-4969-881A-1F8E4F253B60}"
EndProject
Project("{FAE04EC0-301F-11D3-BF4B-00C04F79EFBC}") = "PersianRugs", "PersianRugs\PersianRugs.csproj", "{3781B4B3-3F50-4DE4-9610-9D1E83D7032F}"
EndProject
Global
	GlobalSection(SolutionConfigurationPlatforms) = preSolution
		Debug|Any CPU = Debug|Any CPU
		Release|Any CPU = Release|Any CPU
	EndGlobalSection
	GlobalSection(ProjectConfigurationPlatforms) = postSolution
		{7361F28C-598D-405E-9943-F8B8E5CE3F41}.Debug|Any CPU.ActiveCfg = Debug|Any CPU
		{7361F28C-598D-405E-9943-F8B8E5CE3F41}.Debug|Any CPU.Build.0 = Debug|Any CPU
		{7361F28C-598D-405E-9943-F8B8E5CE3F41}.Release|Any CPU.ActiveCfg = Release|Any CPU
		{7361F28C-598D-405E-9943-F8B8E5CE3F41}.Release|Any CPU.Build.0 = Release|Any CPU
		{2E9DFE71-3D2D-40B6-96C3-90F549DFB960}.Debug|Any CPU.ActiveCfg = Debug|Any CPU
		{2E9DFE71-3D2D-40B6-96C3-90F549DFB960}.Debug|Any CPU.Build.0 = Debug|Any CPU
		{2E9DFE71-3D2D-40B6-96C3-90F549DFB960}.Release|Any CPU.ActiveCfg = Release|Any CPU
		{2E9DFE71-3D2D-40B6-96C3-90F549DFB960}.Release|Any CPU.Build.0 = Release|Any CPU
		{32D3230A-AD2D-459A-B7FD-91A60D1EA9DC}.Debug|Any CPU.ActiveCfg = Debug|Any CPU
		{32D3230A-AD2D-459A-B7FD-91A60D1EA9DC}.Debug|Any CPU.Build.0 = Debug|Any CPU
		{32D3230A-AD2D-459A-B7FD-91A60D1EA9DC}.Release|Any CPU.ActiveCfg = Release|Any CPU
		{32D3230A-AD2D-459A-B7FD-91A60D1EA9DC}.Release|Any CPU.Build.0 = Release|Any CPU
		{CD850B5C-DFC8-4E7D-98E5-8FF8B1E8DC5E}.Debug|Any CPU.ActiveCfg = Debug|Any CPU
		{CD850B5C-DFC8-4E7D-98E5-8FF8B1E8DC5E}.Debug|Any CPU.Build.0 = Debug|Any CPU
		{CD850B5C-DFC8-4E7D-98E5-8FF8B1E8DC5E}.Release|Any CPU.ActiveCfg = Release|Any CPU
		{CD850B5C-DFC8-4E7D-98E5-8FF8B1E8DC5E}.Release|Any CPU.Build.0 = Release|Any CPU
		{0B549C32-C7C8-4DF8-A4A8-C0C43C2B39BD}.Debug|Any CPU.ActiveCfg = Debug|Any CPU
		{0B549C32-C7C8-4DF8-A4A8-C0C43C2B39BD}.Debug|Any CPU.Build.0 = Debug|Any CPU
		{0B549C32-C7C8-4DF8-A4A8-C0C43C2B39BD}.Release|Any CPU.ActiveCfg = Release|Any CPU
		{0B549C32-C7C8-4DF8-A4A8-C0C43C2B39BD}.Release|Any CPU.Build.0 = Release|Any CPU
		{9140DC32-1E97-4F3B-A222-CA6CC319D1D6}.Debug|Any CPU.ActiveCfg = Debug|Any CPU
		{9140DC32-1E97-4F3B-A222-CA6CC319D1D6}.Debug|Any CPU.Build.0 = Debug|Any CPU
		{9140DC32-1E97-4F3B-A222-CA6CC319D1D6}.Release|Any CPU.ActiveCfg = Release|Any CPU
		{9140DC32-1E97-4F3B-A222-CA6CC319D1D6}.Release|Any CPU.Build.0 = Release|Any CPU
		{8A104E9A-B500-44E7-ADC2-A131734BB675}.Debug|Any CPU.ActiveCfg = Debug|Any CPU
		{8A104E9A-B500-44E7-ADC2-A131734BB675}.Debug|Any CPU.Build.0 = Debug|Any CPU
		{8A104E9A-B500-44E7-ADC2-A131734BB675}.Release|Any CPU.ActiveCfg = Release|Any CPU
		{8A104E9A-B500-44E7-ADC2-A131734BB675}.Release|Any CPU.Build.0 = Release|Any CPU
		{53D4FD07-90FC-4BE0-8019-8423D20C5D43}.Debug|Any CPU.ActiveCfg = Debug|Any CPU
		{53D4FD07-90FC-4BE0-8019-8423D20C5D43}.Debug|Any CPU.Build.0 = Debug|Any CPU
		{53D4FD07-90FC-4BE0-8019-8423D20C5D43}.Release|Any CPU.ActiveCfg = Release|Any CPU
		{53D4FD07-90FC-4BE0-8019-8423D20C5D43}.Release|Any CPU.Build.0 = Release|Any CPU
		{6ED77472-DA72-4027-AB79-B8F7C49F85DE}.Debug|Any CPU.ActiveCfg = Debug|Any CPU
		{6ED77472-DA72-4027-AB79-B8F7C49F85DE}.Debug|Any CPU.Build.0 = Debug|Any CPU
		{6ED77472-DA72-4027-AB79-B8F7C49F85DE}.Release|Any CPU.ActiveCfg = Release|Any CPU
		{6ED77472-DA72-4027-AB79-B8F7C49F85DE}.Release|Any CPU.Build.0 = Release|Any CPU
		{3F755EDB-F513-4866-A702-33A2ABADB2C2}.Debug|Any CPU.ActiveCfg = Debug|Any CPU
		{3F755EDB-F513-4866-A702-33A2ABADB2C2}.Debug|Any CPU.Build.0 = Debug|Any CPU
		{3F755EDB-F513-4866-A702-33A2ABADB2C2}.Release|Any CPU.ActiveCfg = Release|Any CPU
		{3F755EDB-F513-4866-A702-33A2ABADB2C2}.Release|Any CPU.Build.0 = Release|Any CPU
		{F8C81269-5B86-408E-8043-71C14A0037F2}.Debug|Any CPU.ActiveCfg = Debug|Any CPU
		{F8C81269-5B86-408E-8043-71C14A0037F2}.Debug|Any CPU.Build.0 = Debug|Any CPU
		{F8C81269-5B86-408E-8043-71C14A0037F2}.Release|Any CPU.ActiveCfg = Release|Any CPU
		{F8C81269-5B86-408E-8043-71C14A0037F2}.Release|Any CPU.Build.0 = Release|Any CPU
		{2AB93280-4BC5-428A-88A7-BEC5355E1C37}.Debug|Any CPU.ActiveCfg = Debug|Any CPU
		{2AB93280-4BC5-428A-88A7-BEC5355E1C37}.Debug|Any CPU.Build.0 = Debug|Any CPU
		{2AB93280-4BC5-428A-88A7-BEC5355E1C37}.Release|Any CPU.ActiveCfg = Release|Any CPU
		{2AB93280-4BC5-428A-88A7-BEC5355E1C37}.Release|Any CPU.Build.0 = Release|Any CPU
		{05CA62BC-5551-42E6-AF87-26B7956D855D}.Debug|Any CPU.ActiveCfg = Debug|Any CPU
		{05CA62BC-5551-42E6-AF87-26B7956D855D}.Debug|Any CPU.Build.0 = Debug|Any CPU
		{05CA62BC-5551-42E6-AF87-26B7956D855D}.Release|Any CPU.ActiveCfg = Release|Any CPU
		{05CA62BC-5551-42E6-AF87-26B7956D855D}.Release|Any CPU.Build.0 = Release|Any CPU
		{62A169BA-12B6-42DD-8360-41639562D17F}.Debug|Any CPU.ActiveCfg = Debug|Any CPU
		{62A169BA-12B6-42DD-8360-41639562D17F}.Debug|Any CPU.Build.0 = Debug|Any CPU
		{62A169BA-12B6-42DD-8360-41639562D17F}.Release|Any CPU.ActiveCfg = Release|Any CPU
		{62A169BA-12B6-42DD-8360-41639562D17F}.Release|Any CPU.Build.0 = Release|Any CPU
		{AEB0E1D4-6A38-4E3C-A9A6-054336A82D76}.Debug|Any CPU.ActiveCfg = Debug|Any CPU
		{AEB0E1D4-6A38-4E3C-A9A6-054336A82D76}.Debug|Any CPU.Build.0 = Debug|Any CPU
		{AEB0E1D4-6A38-4E3C-A9A6-054336A82D76}.Release|Any CPU.ActiveCfg = Release|Any CPU
		{AEB0E1D4-6A38-4E3C-A9A6-054336A82D76}.Release|Any CPU.Build.0 = Release|Any CPU
		{F585A064-AA66-4DE4-9B03-0760004BE2F0}.Debug|Any CPU.ActiveCfg = Debug|Any CPU
		{F585A064-AA66-4DE4-9B03-0760004BE2F0}.Debug|Any CPU.Build.0 = Debug|Any CPU
		{F585A064-AA66-4DE4-9B03-0760004BE2F0}.Release|Any CPU.ActiveCfg = Release|Any CPU
		{F585A064-AA66-4DE4-9B03-0760004BE2F0}.Release|Any CPU.Build.0 = Release|Any CPU
		{356F80B7-1BA8-49D7-A88B-A07225F1BE5F}.Debug|Any CPU.ActiveCfg = Debug|Any CPU
		{356F80B7-1BA8-49D7-A88B-A07225F1BE5F}.Debug|Any CPU.Build.0 = Debug|Any CPU
		{356F80B7-1BA8-49D7-A88B-A07225F1BE5F}.Release|Any CPU.ActiveCfg = Release|Any CPU
		{356F80B7-1BA8-49D7-A88B-A07225F1BE5F}.Release|Any CPU.Build.0 = Release|Any CPU
		{A57A6744-F304-4B4C-A910-6064BE0EE6E5}.Debug|Any CPU.ActiveCfg = Debug|Any CPU
		{A57A6744-F304-4B4C-A910-6064BE0EE6E5}.Debug|Any CPU.Build.0 = Debug|Any CPU
		{A57A6744-F304-4B4C-A910-6064BE0EE6E5}.Release|Any CPU.ActiveCfg = Release|Any CPU
		{A57A6744-F304-4B4C-A910-6064BE0EE6E5}.Release|Any CPU.Build.0 = Release|Any CPU
		{BEBC6AB6-5B92-4F4C-A525-A67A8410ED48}.Debug|Any CPU.ActiveCfg = Debug|Any CPU
		{BEBC6AB6-5B92-4F4C-A525-A67A8410ED48}.Debug|Any CPU.Build.0 = Debug|Any CPU
		{BEBC6AB6-5B92-4F4C-A525-A67A8410ED48}.Release|Any CPU.ActiveCfg = Release|Any CPU
		{BEBC6AB6-5B92-4F4C-A525-A67A8410ED48}.Release|Any CPU.Build.0 = Release|Any CPU
		{E9AF7F10-909A-404E-8BFD-06946C6CDE56}.Debug|Any CPU.ActiveCfg = Debug|Any CPU
		{E9AF7F10-909A-404E-8BFD-06946C6CDE56}.Debug|Any CPU.Build.0 = Debug|Any CPU
		{E9AF7F10-909A-404E-8BFD-06946C6CDE56}.Release|Any CPU.ActiveCfg = Release|Any CPU
		{E9AF7F10-909A-404E-8BFD-06946C6CDE56}.Release|Any CPU.Build.0 = Release|Any CPU
		{10637FAC-5DE7-47CD-9106-7849477DA939}.Debug|Any CPU.ActiveCfg = Debug|Any CPU
		{10637FAC-5DE7-47CD-9106-7849477DA939}.Debug|Any CPU.Build.0 = Debug|Any CPU
		{10637FAC-5DE7-47CD-9106-7849477DA939}.Release|Any CPU.ActiveCfg = Release|Any CPU
		{10637FAC-5DE7-47CD-9106-7849477DA939}.Release|Any CPU.Build.0 = Release|Any CPU
		{FF90AC2C-3A51-4969-881A-1F8E4F253B60}.Debug|Any CPU.ActiveCfg = Debug|Any CPU
		{FF90AC2C-3A51-4969-881A-1F8E4F253B60}.Debug|Any CPU.Build.0 = Debug|Any CPU
		{FF90AC2C-3A51-4969-881A-1F8E4F253B60}.Release|Any CPU.ActiveCfg = Release|Any CPU
		{FF90AC2C-3A51-4969-881A-1F8E4F253B60}.Release|Any CPU.Build.0 = Release|Any CPU
		{3781B4B3-3F50-4DE4-9610-9D1E83D7032F}.Debug|Any CPU.ActiveCfg = Debug|Any CPU
		{3781B4B3-3F50-4DE4-9610-9D1E83D7032F}.Debug|Any CPU.Build.0 = Debug|Any CPU
		{3781B4B3-3F50-4DE4-9610-9D1E83D7032F}.Release|Any CPU.ActiveCfg = Release|Any CPU
		{3781B4B3-3F50-4DE4-9610-9D1E83D7032F}.Release|Any CPU.Build.0 = Release|Any CPU
	EndGlobalSection
	GlobalSection(SolutionProperties) = preSolution
		HideSolutionNode = FALSE
	EndGlobalSection
EndGlobal
